
Microsoft Visual Studio Solution File, Format Version 12.00
# Visual Studio Version 17
VisualStudioVersion = 17.10.34916.146
MinimumVisualStudioVersion = 10.0.40219.1
Project("{FAE04EC0-301F-11D3-BF4B-00C04F79EFBC}") = "MyFirstConsoleApp", "MyFirstConsoleApp\MyFirstConsoleApp.csproj", "{D0823E8F-9E49-476F-AE2F-494C728505F8}"
EndProject
Global
	GlobalSection(SolutionConfigurationPlatforms) = preSolution
		Debug|Any CPU = Debug|Any CPU
		Release|Any CPU = Release|Any CPU
	EndGlobalSection
	GlobalSection(ProjectConfigurationPlatforms) = postSolution
		{D0823E8F-9E49-476F-AE2F-494C728505F8}.Debug|Any CPU.ActiveCfg = Debug|Any CPU
		{D0823E8F-9E49-476F-AE2F-494C728505F8}.Debug|Any CPU.Build.0 = Debug|Any CPU
		{D0823E8F-9E49-476F-AE2F-494C728505F8}.Release|Any CPU.ActiveCfg = Release|Any CPU
		{D0823E8F-9E49-476F-AE2F-494C728505F8}.Release|Any CPU.Build.0 = Release|Any CPU
	EndGlobalSection
	GlobalSection(SolutionProperties) = preSolution
		HideSolutionNode = FALSE
	EndGlobalSection
	GlobalSection(ExtensibilityGlobals) = postSolution
		SolutionGuid = {C752878C-B4F4-4229-BD37-48DAD2AA90B2}
	EndGlobalSection
EndGlobal
